{
  "requires": true,
  "lockfileVersion": 1,
  "dependencies": {
    "@react-native-community/async-storage": {
      "version": "1.12.1",
      "resolved": "https://registry.npmjs.org/@react-native-community/async-storage/-/async-storage-1.12.1.tgz",
      "integrity": "sha512-70WGaH3PKYASi4BThuEEKMkyAgE9k7VytBqmgPRx3MzJx9/MkspwqJGmn3QLCgHLIFUgF1pit2mWICbRJ3T3lg==",
      "requires": {
        "deep-assign": "^3.0.0"
      }
    },
    "@react-native-community/geolocation": {
      "version": "2.0.2",
      "resolved": "https://registry.npmjs.org/@react-native-community/geolocation/-/geolocation-2.0.2.tgz",
      "integrity": "sha512-tTNXRCgnhJBu79mulQwzabXRpDqfh/uaDqfHVpvF0nX4NTpolpy6mvTRiFg7eWFPGRArsnZz1EYp6rHfJWGgEA=="
    },
    "deep-assign": {
      "version": "3.0.0",
      "resolved": "https://registry.npmjs.org/deep-assign/-/deep-assign-3.0.0.tgz",
      "integrity": "sha512-YX2i9XjJ7h5q/aQ/IM9PEwEnDqETAIYbggmdDB3HLTlSgo1CxPsj6pvhPG68rq6SVE0+p+6Ywsm5fTYNrYtBWw==",
      "requires": {
        "is-obj": "^1.0.0"
      }
    },
    "invariant": {
      "version": "2.2.4",
      "resolved": "https://registry.npmjs.org/invariant/-/invariant-2.2.4.tgz",
      "integrity": "sha512-phJfQVBuaJM5raOpJjSfkiD6BpbCE4Ns//LaXl6wGYtUBY83nWS6Rf9tXm2e8VaK60JEjYldbPif/A2B1C2gNA==",
      "requires": {
        "loose-envify": "^1.0.0"
      }
    },
    "is-obj": {
      "version": "1.0.1",
      "resolved": "https://registry.npmjs.org/is-obj/-/is-obj-1.0.1.tgz",
      "integrity": "sha512-l4RyHgRqGN4Y3+9JHVrNqO+tN0rV5My76uW5/nuO4K1b6vw5G8d/cmFjP9tRfEsdhZNt0IFdZuK/c2Vr4Nb+Qg=="
    },
    "js-tokens": {
      "version": "4.0.0",
      "resolved": "https://registry.npmjs.org/js-tokens/-/js-tokens-4.0.0.tgz",
      "integrity": "sha512-RdJUflcE3cUzKiMqQgsCu06FPu9UdIJO0beYbPhHN4k6apgJtifcoCtT9bcxOpYBtpD2kCM6Sbzg4CausW/PKQ=="
    },
    "loose-envify": {
      "version": "1.4.0",
      "resolved": "https://registry.npmjs.org/loose-envify/-/loose-envify-1.4.0.tgz",
      "integrity": "sha512-lyuxPGr/Wfhrlem2CL/UcnUc1zcqKAImBDzukY7Y5F/yQiNdko6+fRLevlw1HgMySw7f611UIY408EtxRSoK3Q==",
      "requires": {
        "js-tokens": "^3.0.0 || ^4.0.0"
      }
    },
    "react-native-geocoder": {
      "version": "0.5.0",
      "resolved": "https://registry.npmjs.org/react-native-geocoder/-/react-native-geocoder-0.5.0.tgz",
      "integrity": "sha512-bFCvFvlRvIw66krT6RIanZFZj1/B7Oq1cyr5L0DHpc12iCNneOenNVAxA1gDULqKIphkB1D67Ybm7NpJVakHnw=="
    },
    "react-native-geolocation-service": {
      "version": "5.2.0",
      "resolved": "https://registry.npmjs.org/react-native-geolocation-service/-/react-native-geolocation-service-5.2.0.tgz",
      "integrity": "sha512-ai7xd6QbLl6WMyEbPfXSaXyYQ/L6CDcPjOZAJYboqwNPclAqxGkzJHJQyvBNy9J410EIrDJg0p9KyaciXmxyCw=="
    },
    "react-native-permissions": {
      "version": "3.3.1",
      "resolved": "https://registry.npmjs.org/react-native-permissions/-/react-native-permissions-3.3.1.tgz",
      "integrity": "sha512-Ap9nVWBWJ7lyU6Ye3Qltm2V+Ut6XjDcs+6ZBmK1UUxcCoSSGx/mQg2GbMJLjlnoVtUgVHR3IhyZ0mN9DlMPRFQ=="
    }
  }
}
